
Microsoft Visual Studio Solution File, Format Version 12.00
# Visual Studio Version 16
VisualStudioVersion = 16.0.30523.141
MinimumVisualStudioVersion = 15.0.26124.0
Project("{9A19103F-16F7-4668-BE54-9A1E7A4F7556}") = "DotnetCoreApiProj", "DotnetCoreApiProj\DotnetCoreApiProj.csproj", "{E4C81746-DB8A-49D1-AC6B-5BFCED76737E}"
EndProject
Global
	GlobalSection(SolutionConfigurationPlatforms) = preSolution
		Debug|Any CPU = Debug|Any CPU
		Release|Any CPU = Release|Any CPU
	EndGlobalSection
	GlobalSection(ProjectConfigurationPlatforms) = postSolution
		{E4C81746-DB8A-49D1-AC6B-5BFCED76737E}.Debug|Any CPU.ActiveCfg = Debug|Any CPU
		{E4C81746-DB8A-49D1-AC6B-5BFCED76737E}.Debug|Any CPU.Build.0 = Debug|Any CPU
		{E4C81746-DB8A-49D1-AC6B-5BFCED76737E}.Release|Any CPU.ActiveCfg = Release|Any CPU
		{E4C81746-DB8A-49D1-AC6B-5BFCED76737E}.Release|Any CPU.Build.0 = Release|Any CPU
	EndGlobalSection
	GlobalSection(SolutionProperties) = preSolution
		HideSolutionNode = FALSE
	EndGlobalSection
	GlobalSection(ExtensibilityGlobals) = postSolution
		SolutionGuid = {EF42FFB0-6F00-4EEF-9865-666DBE18D63B}
	EndGlobalSection
EndGlobal
